{
  "requires": true,
  "lockfileVersion": 1,
  "dependencies": {
    "subjx": {
      "version": "0.2.6",
      "resolved": "https://registry.npmjs.org/subjx/-/subjx-0.2.6.tgz",
      "integrity": "sha512-Da27UNnXov+Rw69ivcX1vdmtqmLiC7q++cxqkbm/3Nr2jI2Vl03z++c+P4/O5mqruTEI7klfSmbmqLUkyYll+w=="
    }
  }
}
